
Microsoft Visual Studio Solution File, Format Version 12.00
# Visual Studio 15
Project("{FAE04EC0-301F-11D3-BF4B-00C04F79EFBC}") = "Assembly-CSharp", "Assembly-CSharp.csproj", "{82E7CBB0-8F01-74C8-C3DA-A51BC51B6A3C}"
EndProject
Project("{FAE04EC0-301F-11D3-BF4B-00C04F79EFBC}") = "Assembly-CSharp-firstpass", "Assembly-CSharp-firstpass.csproj", "{FDE130C9-5CB8-8B0F-B0AF-07D368EA6FE3}"
EndProject
Project("{FAE04EC0-301F-11D3-BF4B-00C04F79EFBC}") = "Assembly-CSharp-Editor-firstpass", "Assembly-CSharp-Editor-firstpass.csproj", "{16D6CCD7-F745-45C2-96EB-D4F69C584E02}"
EndProject
Project("{FAE04EC0-301F-11D3-BF4B-00C04F79EFBC}") = "Assembly-CSharp-Editor", "Assembly-CSharp-Editor.csproj", "{145EC90B-BE9A-1B34-819B-B7357B7F3279}"
EndProject
Global
	GlobalSection(SolutionConfigurationPlatforms) = preSolution
		Debug|Any CPU = Debug|Any CPU
		Release|Any CPU = Release|Any CPU
	EndGlobalSection
	GlobalSection(ProjectConfigurationPlatforms) = postSolution
		{82E7CBB0-8F01-74C8-C3DA-A51BC51B6A3C}.Debug|Any CPU.ActiveCfg = Debug|Any CPU
		{82E7CBB0-8F01-74C8-C3DA-A51BC51B6A3C}.Debug|Any CPU.Build.0 = Debug|Any CPU
		{82E7CBB0-8F01-74C8-C3DA-A51BC51B6A3C}.Release|Any CPU.ActiveCfg = Release|Any CPU
		{82E7CBB0-8F01-74C8-C3DA-A51BC51B6A3C}.Release|Any CPU.Build.0 = Release|Any CPU
		{FDE130C9-5CB8-8B0F-B0AF-07D368EA6FE3}.Debug|Any CPU.ActiveCfg = Debug|Any CPU
		{FDE130C9-5CB8-8B0F-B0AF-07D368EA6FE3}.Debug|Any CPU.Build.0 = Debug|Any CPU
		{FDE130C9-5CB8-8B0F-B0AF-07D368EA6FE3}.Release|Any CPU.ActiveCfg = Release|Any CPU
		{FDE130C9-5CB8-8B0F-B0AF-07D368EA6FE3}.Release|Any CPU.Build.0 = Release|Any CPU
		{16D6CCD7-F745-45C2-96EB-D4F69C584E02}.Debug|Any CPU.ActiveCfg = Debug|Any CPU
		{16D6CCD7-F745-45C2-96EB-D4F69C584E02}.Debug|Any CPU.Build.0 = Debug|Any CPU
		{16D6CCD7-F745-45C2-96EB-D4F69C584E02}.Release|Any CPU.ActiveCfg = Release|Any CPU
		{16D6CCD7-F745-45C2-96EB-D4F69C584E02}.Release|Any CPU.Build.0 = Release|Any CPU
		{145EC90B-BE9A-1B34-819B-B7357B7F3279}.Debug|Any CPU.ActiveCfg = Debug|Any CPU
		{145EC90B-BE9A-1B34-819B-B7357B7F3279}.Debug|Any CPU.Build.0 = Debug|Any CPU
		{145EC90B-BE9A-1B34-819B-B7357B7F3279}.Release|Any CPU.ActiveCfg = Release|Any CPU
		{145EC90B-BE9A-1B34-819B-B7357B7F3279}.Release|Any CPU.Build.0 = Release|Any CPU
	EndGlobalSection
	GlobalSection(SolutionProperties) = preSolution
		HideSolutionNode = FALSE
	EndGlobalSection
EndGlobal
