
Microsoft Visual Studio Solution File, Format Version 12.00
# Visual Studio 15
Project("{FAE04EC0-301F-11D3-BF4B-00C04F79EFBC}") = "Assembly-CSharp", "Assembly-CSharp.csproj", "{216AD72F-45D0-6B2C-147D-E653AEB3AFBC}"
EndProject
Project("{FAE04EC0-301F-11D3-BF4B-00C04F79EFBC}") = "Assembly-CSharp-firstpass", "Assembly-CSharp-firstpass.csproj", "{6EE109DC-2E2E-E5CA-89ED-13E5E4A504E1}"
EndProject
Project("{FAE04EC0-301F-11D3-BF4B-00C04F79EFBC}") = "Assembly-CSharp-Editor-firstpass", "Assembly-CSharp-Editor-firstpass.csproj", "{1817751F-76D2-9063-3529-F7B077EF817C}"
EndProject
Project("{FAE04EC0-301F-11D3-BF4B-00C04F79EFBC}") = "Assembly-CSharp-Editor", "Assembly-CSharp-Editor.csproj", "{20D39F67-A1A0-EBC3-2B0A-F1F332D696D3}"
EndProject
Global
	GlobalSection(SolutionConfigurationPlatforms) = preSolution
		Debug|Any CPU = Debug|Any CPU
		Release|Any CPU = Release|Any CPU
	EndGlobalSection
	GlobalSection(ProjectConfigurationPlatforms) = postSolution
		{216AD72F-45D0-6B2C-147D-E653AEB3AFBC}.Debug|Any CPU.ActiveCfg = Debug|Any CPU
		{216AD72F-45D0-6B2C-147D-E653AEB3AFBC}.Debug|Any CPU.Build.0 = Debug|Any CPU
		{216AD72F-45D0-6B2C-147D-E653AEB3AFBC}.Release|Any CPU.ActiveCfg = Release|Any CPU
		{216AD72F-45D0-6B2C-147D-E653AEB3AFBC}.Release|Any CPU.Build.0 = Release|Any CPU
		{6EE109DC-2E2E-E5CA-89ED-13E5E4A504E1}.Debug|Any CPU.ActiveCfg = Debug|Any CPU
		{6EE109DC-2E2E-E5CA-89ED-13E5E4A504E1}.Debug|Any CPU.Build.0 = Debug|Any CPU
		{6EE109DC-2E2E-E5CA-89ED-13E5E4A504E1}.Release|Any CPU.ActiveCfg = Release|Any CPU
		{6EE109DC-2E2E-E5CA-89ED-13E5E4A504E1}.Release|Any CPU.Build.0 = Release|Any CPU
		{1817751F-76D2-9063-3529-F7B077EF817C}.Debug|Any CPU.ActiveCfg = Debug|Any CPU
		{1817751F-76D2-9063-3529-F7B077EF817C}.Debug|Any CPU.Build.0 = Debug|Any CPU
		{1817751F-76D2-9063-3529-F7B077EF817C}.Release|Any CPU.ActiveCfg = Release|Any CPU
		{1817751F-76D2-9063-3529-F7B077EF817C}.Release|Any CPU.Build.0 = Release|Any CPU
		{20D39F67-A1A0-EBC3-2B0A-F1F332D696D3}.Debug|Any CPU.ActiveCfg = Debug|Any CPU
		{20D39F67-A1A0-EBC3-2B0A-F1F332D696D3}.Debug|Any CPU.Build.0 = Debug|Any CPU
		{20D39F67-A1A0-EBC3-2B0A-F1F332D696D3}.Release|Any CPU.ActiveCfg = Release|Any CPU
		{20D39F67-A1A0-EBC3-2B0A-F1F332D696D3}.Release|Any CPU.Build.0 = Release|Any CPU
	EndGlobalSection
	GlobalSection(SolutionProperties) = preSolution
		HideSolutionNode = FALSE
	EndGlobalSection
EndGlobal
