
Microsoft Visual Studio Solution File, Format Version 12.00
# Visual Studio 15
Project("{FAE04EC0-301F-11D3-BF4B-00C04F79EFBC}") = "Assembly-CSharp", "Assembly-CSharp.csproj", "{1C775951-7709-D676-2B48-30035EC17711}"
EndProject
Project("{FAE04EC0-301F-11D3-BF4B-00C04F79EFBC}") = "Assembly-CSharp-firstpass", "Assembly-CSharp-firstpass.csproj", "{8CF7CED2-C50E-A3D2-1CBE-C117429998B7}"
EndProject
Project("{FAE04EC0-301F-11D3-BF4B-00C04F79EFBC}") = "Assembly-CSharp-Editor-firstpass", "Assembly-CSharp-Editor-firstpass.csproj", "{5447F5FF-B3D5-91E9-71AB-E7E54BEEE3C0}"
EndProject
Project("{FAE04EC0-301F-11D3-BF4B-00C04F79EFBC}") = "Assembly-CSharp-Editor", "Assembly-CSharp-Editor.csproj", "{D9249FE6-F139-AA43-B6DD-137F19435061}"
EndProject
Global
	GlobalSection(SolutionConfigurationPlatforms) = preSolution
		Debug|Any CPU = Debug|Any CPU
		Release|Any CPU = Release|Any CPU
	EndGlobalSection
	GlobalSection(ProjectConfigurationPlatforms) = postSolution
		{1C775951-7709-D676-2B48-30035EC17711}.Debug|Any CPU.ActiveCfg = Debug|Any CPU
		{1C775951-7709-D676-2B48-30035EC17711}.Debug|Any CPU.Build.0 = Debug|Any CPU
		{1C775951-7709-D676-2B48-30035EC17711}.Release|Any CPU.ActiveCfg = Release|Any CPU
		{1C775951-7709-D676-2B48-30035EC17711}.Release|Any CPU.Build.0 = Release|Any CPU
		{8CF7CED2-C50E-A3D2-1CBE-C117429998B7}.Debug|Any CPU.ActiveCfg = Debug|Any CPU
		{8CF7CED2-C50E-A3D2-1CBE-C117429998B7}.Debug|Any CPU.Build.0 = Debug|Any CPU
		{8CF7CED2-C50E-A3D2-1CBE-C117429998B7}.Release|Any CPU.ActiveCfg = Release|Any CPU
		{8CF7CED2-C50E-A3D2-1CBE-C117429998B7}.Release|Any CPU.Build.0 = Release|Any CPU
		{5447F5FF-B3D5-91E9-71AB-E7E54BEEE3C0}.Debug|Any CPU.ActiveCfg = Debug|Any CPU
		{5447F5FF-B3D5-91E9-71AB-E7E54BEEE3C0}.Debug|Any CPU.Build.0 = Debug|Any CPU
		{5447F5FF-B3D5-91E9-71AB-E7E54BEEE3C0}.Release|Any CPU.ActiveCfg = Release|Any CPU
		{5447F5FF-B3D5-91E9-71AB-E7E54BEEE3C0}.Release|Any CPU.Build.0 = Release|Any CPU
		{D9249FE6-F139-AA43-B6DD-137F19435061}.Debug|Any CPU.ActiveCfg = Debug|Any CPU
		{D9249FE6-F139-AA43-B6DD-137F19435061}.Debug|Any CPU.Build.0 = Debug|Any CPU
		{D9249FE6-F139-AA43-B6DD-137F19435061}.Release|Any CPU.ActiveCfg = Release|Any CPU
		{D9249FE6-F139-AA43-B6DD-137F19435061}.Release|Any CPU.Build.0 = Release|Any CPU
	EndGlobalSection
	GlobalSection(SolutionProperties) = preSolution
		HideSolutionNode = FALSE
	EndGlobalSection
EndGlobal
