
Microsoft Visual Studio Solution File, Format Version 12.00
# Visual Studio 15
Project("{FAE04EC0-301F-11D3-BF4B-00C04F79EFBC}") = "Assembly-CSharp", "Assembly-CSharp.csproj", "{8425CC0D-6C80-9996-4433-BBEB7433D350}"
EndProject
Project("{FAE04EC0-301F-11D3-BF4B-00C04F79EFBC}") = "Assembly-CSharp-firstpass", "Assembly-CSharp-firstpass.csproj", "{7EF4D12A-6284-02E5-C945-16AED932146F}"
EndProject
Project("{FAE04EC0-301F-11D3-BF4B-00C04F79EFBC}") = "Assembly-CSharp-Editor-firstpass", "Assembly-CSharp-Editor-firstpass.csproj", "{12A0AFB8-474C-3F9B-7995-6A98B938B6B1}"
EndProject
Project("{FAE04EC0-301F-11D3-BF4B-00C04F79EFBC}") = "Assembly-CSharp-Editor", "Assembly-CSharp-Editor.csproj", "{3AA1585A-BF29-4C4C-3D5E-EBC741CB7472}"
EndProject
Global
	GlobalSection(SolutionConfigurationPlatforms) = preSolution
		Debug|Any CPU = Debug|Any CPU
		Release|Any CPU = Release|Any CPU
	EndGlobalSection
	GlobalSection(ProjectConfigurationPlatforms) = postSolution
		{8425CC0D-6C80-9996-4433-BBEB7433D350}.Debug|Any CPU.ActiveCfg = Debug|Any CPU
		{8425CC0D-6C80-9996-4433-BBEB7433D350}.Debug|Any CPU.Build.0 = Debug|Any CPU
		{8425CC0D-6C80-9996-4433-BBEB7433D350}.Release|Any CPU.ActiveCfg = Release|Any CPU
		{8425CC0D-6C80-9996-4433-BBEB7433D350}.Release|Any CPU.Build.0 = Release|Any CPU
		{7EF4D12A-6284-02E5-C945-16AED932146F}.Debug|Any CPU.ActiveCfg = Debug|Any CPU
		{7EF4D12A-6284-02E5-C945-16AED932146F}.Debug|Any CPU.Build.0 = Debug|Any CPU
		{7EF4D12A-6284-02E5-C945-16AED932146F}.Release|Any CPU.ActiveCfg = Release|Any CPU
		{7EF4D12A-6284-02E5-C945-16AED932146F}.Release|Any CPU.Build.0 = Release|Any CPU
		{12A0AFB8-474C-3F9B-7995-6A98B938B6B1}.Debug|Any CPU.ActiveCfg = Debug|Any CPU
		{12A0AFB8-474C-3F9B-7995-6A98B938B6B1}.Debug|Any CPU.Build.0 = Debug|Any CPU
		{12A0AFB8-474C-3F9B-7995-6A98B938B6B1}.Release|Any CPU.ActiveCfg = Release|Any CPU
		{12A0AFB8-474C-3F9B-7995-6A98B938B6B1}.Release|Any CPU.Build.0 = Release|Any CPU
		{3AA1585A-BF29-4C4C-3D5E-EBC741CB7472}.Debug|Any CPU.ActiveCfg = Debug|Any CPU
		{3AA1585A-BF29-4C4C-3D5E-EBC741CB7472}.Debug|Any CPU.Build.0 = Debug|Any CPU
		{3AA1585A-BF29-4C4C-3D5E-EBC741CB7472}.Release|Any CPU.ActiveCfg = Release|Any CPU
		{3AA1585A-BF29-4C4C-3D5E-EBC741CB7472}.Release|Any CPU.Build.0 = Release|Any CPU
	EndGlobalSection
	GlobalSection(SolutionProperties) = preSolution
		HideSolutionNode = FALSE
	EndGlobalSection
EndGlobal
